// !$*UTF8*$!
{
	archiveVersion = 1;
	classes = {
	};
	objectVersion = 56;
	objects = {

/* Begin PBXBuildFile section */
		E756E0B92B11199200EE47D8 /* Tracker.xcdatamodeld in Sources */ = {isa = PBXBuildFile; fileRef = E756E0B72B11199200EE47D8 /* Tracker.xcdatamodeld */; };
		E758AE632B0EC4530041EECE /* AppDelegate.swift in Sources */ = {isa = PBXBuildFile; fileRef = E758AE622B0EC4530041EECE /* AppDelegate.swift */; };
		E758AE652B0EC4530041EECE /* SceneDelegate.swift in Sources */ = {isa = PBXBuildFile; fileRef = E758AE642B0EC4530041EECE /* SceneDelegate.swift */; };
		E758AE6C2B0EC4540041EECE /* Assets.xcassets in Resources */ = {isa = PBXBuildFile; fileRef = E758AE6B2B0EC4540041EECE /* Assets.xcassets */; };
		E758AE6F2B0EC4540041EECE /* LaunchScreen.storyboard in Resources */ = {isa = PBXBuildFile; fileRef = E758AE6D2B0EC4540041EECE /* LaunchScreen.storyboard */; };
		E758AE812B0EC6F00041EECE /* TabBarViewController.swift in Sources */ = {isa = PBXBuildFile; fileRef = E758AE802B0EC6F00041EECE /* TabBarViewController.swift */; };
		E758AE842B0ECED80041EECE /* UIcolor + UIFont.swift in Sources */ = {isa = PBXBuildFile; fileRef = E758AE832B0ECED80041EECE /* UIcolor + UIFont.swift */; };
		E758AE882B0ECF4B0041EECE /* TrackerViewController.swift in Sources */ = {isa = PBXBuildFile; fileRef = E758AE872B0ECF4B0041EECE /* TrackerViewController.swift */; };
		E758AE8A2B0ECF5C0041EECE /* TrackerCastomCell.swift in Sources */ = {isa = PBXBuildFile; fileRef = E758AE892B0ECF5C0041EECE /* TrackerCastomCell.swift */; };
		E758AE8E2B0ECF8D0041EECE /* NewTrackerViewController.swift in Sources */ = {isa = PBXBuildFile; fileRef = E758AE8D2B0ECF8D0041EECE /* NewTrackerViewController.swift */; };
		E758AE912B0ECFA40041EECE /* NewHabitViewController.swift in Sources */ = {isa = PBXBuildFile; fileRef = E758AE902B0ECFA40041EECE /* NewHabitViewController.swift */; };
		E758AE942B0ECFC40041EECE /* ButtonFirstCell.swift in Sources */ = {isa = PBXBuildFile; fileRef = E758AE932B0ECFC40041EECE /* ButtonFirstCell.swift */; };
		E758AE962B0ECFDA0041EECE /* ButtonSecondCell .swift in Sources */ = {isa = PBXBuildFile; fileRef = E758AE952B0ECFDA0041EECE /* ButtonSecondCell .swift */; };
		E758AE982B0ECFEC0041EECE /* EmojiCustomCell.swift in Sources */ = {isa = PBXBuildFile; fileRef = E758AE972B0ECFEC0041EECE /* EmojiCustomCell.swift */; };
		E758AE9A2B0ED0030041EECE /* ColorCustomCell.swift in Sources */ = {isa = PBXBuildFile; fileRef = E758AE992B0ED0030041EECE /* ColorCustomCell.swift */; };
		E758AE9D2B0ED03D0041EECE /* CategoryViewController.swift in Sources */ = {isa = PBXBuildFile; fileRef = E758AE9C2B0ED03D0041EECE /* CategoryViewController.swift */; };
		E758AE9F2B0ED04E0041EECE /* NewCategoryCustomCell.swift in Sources */ = {isa = PBXBuildFile; fileRef = E758AE9E2B0ED04E0041EECE /* NewCategoryCustomCell.swift */; };
		E758AEA12B0ED0610041EECE /* UserCategorys.swift in Sources */ = {isa = PBXBuildFile; fileRef = E758AEA02B0ED0610041EECE /* UserCategorys.swift */; };
		E758AEA32B0ED06C0041EECE /* NewCategoryViewController.swift in Sources */ = {isa = PBXBuildFile; fileRef = E758AEA22B0ED06C0041EECE /* NewCategoryViewController.swift */; };
		E758AEA52B0ED0790041EECE /* ClikerNewCategoryProtocol.swift in Sources */ = {isa = PBXBuildFile; fileRef = E758AEA42B0ED0790041EECE /* ClikerNewCategoryProtocol.swift */; };
		E758AEA82B0ED09F0041EECE /* ScheduleViewController.swift in Sources */ = {isa = PBXBuildFile; fileRef = E758AEA72B0ED09F0041EECE /* ScheduleViewController.swift */; };
		E758AEAA2B0ED0B30041EECE /* ScheduleCastomCell.swift in Sources */ = {isa = PBXBuildFile; fileRef = E758AEA92B0ED0B30041EECE /* ScheduleCastomCell.swift */; };
		E758AEAD2B0ED0D70041EECE /* UnregulatedEventViewController.swift in Sources */ = {isa = PBXBuildFile; fileRef = E758AEAC2B0ED0D70041EECE /* UnregulatedEventViewController.swift */; };
		E758AEB02B0ED1030041EECE /* StatisticViewController.swift in Sources */ = {isa = PBXBuildFile; fileRef = E758AEAF2B0ED1030041EECE /* StatisticViewController.swift */; };
		E758AEB52B0ED13F0041EECE /* TrackerCategory.swift in Sources */ = {isa = PBXBuildFile; fileRef = E758AEB42B0ED13F0041EECE /* TrackerCategory.swift */; };
		E758AEB72B0ED1530041EECE /* Tracker.swift in Sources */ = {isa = PBXBuildFile; fileRef = E758AEB62B0ED1530041EECE /* Tracker.swift */; };
		E758AEB92B0ED1610041EECE /* TrackerRecord.swift in Sources */ = {isa = PBXBuildFile; fileRef = E758AEB82B0ED1610041EECE /* TrackerRecord.swift */; };
		E7BF1D702B115007004FB63D /* DaysValueTransformer.swift in Sources */ = {isa = PBXBuildFile; fileRef = E7BF1D6F2B115007004FB63D /* DaysValueTransformer.swift */; };
		E7BF1D722B12A380004FB63D /* TrackerSupplementaryView.swift in Sources */ = {isa = PBXBuildFile; fileRef = E7BF1D712B12A380004FB63D /* TrackerSupplementaryView.swift */; };
/* End PBXBuildFile section */

/* Begin PBXFileReference section */
		E756E0B82B11199200EE47D8 /* Tracker.xcdatamodel */ = {isa = PBXFileReference; lastKnownFileType = wrapper.xcdatamodel; path = Tracker.xcdatamodel; sourceTree = "<group>"; };
		E758AE5F2B0EC4530041EECE /* Tracker.app */ = {isa = PBXFileReference; explicitFileType = wrapper.application; includeInIndex = 0; path = Tracker.app; sourceTree = BUILT_PRODUCTS_DIR; };
		E758AE622B0EC4530041EECE /* AppDelegate.swift */ = {isa = PBXFileReference; lastKnownFileType = sourcecode.swift; path = AppDelegate.swift; sourceTree = "<group>"; };
		E758AE642B0EC4530041EECE /* SceneDelegate.swift */ = {isa = PBXFileReference; lastKnownFileType = sourcecode.swift; path = SceneDelegate.swift; sourceTree = "<group>"; };
		E758AE6B2B0EC4540041EECE /* Assets.xcassets */ = {isa = PBXFileReference; lastKnownFileType = folder.assetcatalog; path = Assets.xcassets; sourceTree = "<group>"; };
		E758AE6E2B0EC4540041EECE /* Base */ = {isa = PBXFileReference; lastKnownFileType = file.storyboard; name = Base; path = Base.lproj/LaunchScreen.storyboard; sourceTree = "<group>"; };
		E758AE702B0EC4540041EECE /* Info.plist */ = {isa = PBXFileReference; lastKnownFileType = text.plist.xml; path = Info.plist; sourceTree = "<group>"; };
		E758AE802B0EC6F00041EECE /* TabBarViewController.swift */ = {isa = PBXFileReference; lastKnownFileType = sourcecode.swift; path = TabBarViewController.swift; sourceTree = "<group>"; };
		E758AE832B0ECED80041EECE /* UIcolor + UIFont.swift */ = {isa = PBXFileReference; lastKnownFileType = sourcecode.swift; path = "UIcolor + UIFont.swift"; sourceTree = "<group>"; };
		E758AE872B0ECF4B0041EECE /* TrackerViewController.swift */ = {isa = PBXFileReference; lastKnownFileType = sourcecode.swift; path = TrackerViewController.swift; sourceTree = "<group>"; };
		E758AE892B0ECF5C0041EECE /* TrackerCastomCell.swift */ = {isa = PBXFileReference; lastKnownFileType = sourcecode.swift; path = TrackerCastomCell.swift; sourceTree = "<group>"; };
		E758AE8D2B0ECF8D0041EECE /* NewTrackerViewController.swift */ = {isa = PBXFileReference; lastKnownFileType = sourcecode.swift; path = NewTrackerViewController.swift; sourceTree = "<group>"; };
		E758AE902B0ECFA40041EECE /* NewHabitViewController.swift */ = {isa = PBXFileReference; lastKnownFileType = sourcecode.swift; path = NewHabitViewController.swift; sourceTree = "<group>"; };
		E758AE932B0ECFC40041EECE /* ButtonFirstCell.swift */ = {isa = PBXFileReference; lastKnownFileType = sourcecode.swift; path = ButtonFirstCell.swift; sourceTree = "<group>"; };
		E758AE952B0ECFDA0041EECE /* ButtonSecondCell .swift */ = {isa = PBXFileReference; lastKnownFileType = sourcecode.swift; path = "ButtonSecondCell .swift"; sourceTree = "<group>"; };
		E758AE972B0ECFEC0041EECE /* EmojiCustomCell.swift */ = {isa = PBXFileReference; lastKnownFileType = sourcecode.swift; path = EmojiCustomCell.swift; sourceTree = "<group>"; };
		E758AE992B0ED0030041EECE /* ColorCustomCell.swift */ = {isa = PBXFileReference; lastKnownFileType = sourcecode.swift; path = ColorCustomCell.swift; sourceTree = "<group>"; };
		E758AE9C2B0ED03D0041EECE /* CategoryViewController.swift */ = {isa = PBXFileReference; lastKnownFileType = sourcecode.swift; path = CategoryViewController.swift; sourceTree = "<group>"; };
		E758AE9E2B0ED04E0041EECE /* NewCategoryCustomCell.swift */ = {isa = PBXFileReference; lastKnownFileType = sourcecode.swift; path = NewCategoryCustomCell.swift; sourceTree = "<group>"; };
		E758AEA02B0ED0610041EECE /* UserCategorys.swift */ = {isa = PBXFileReference; lastKnownFileType = sourcecode.swift; path = UserCategorys.swift; sourceTree = "<group>"; };
		E758AEA22B0ED06C0041EECE /* NewCategoryViewController.swift */ = {isa = PBXFileReference; lastKnownFileType = sourcecode.swift; path = NewCategoryViewController.swift; sourceTree = "<group>"; };
		E758AEA42B0ED0790041EECE /* ClikerNewCategoryProtocol.swift */ = {isa = PBXFileReference; lastKnownFileType = sourcecode.swift; path = ClikerNewCategoryProtocol.swift; sourceTree = "<group>"; };
		E758AEA72B0ED09F0041EECE /* ScheduleViewController.swift */ = {isa = PBXFileReference; lastKnownFileType = sourcecode.swift; path = ScheduleViewController.swift; sourceTree = "<group>"; };
		E758AEA92B0ED0B30041EECE /* ScheduleCastomCell.swift */ = {isa = PBXFileReference; lastKnownFileType = sourcecode.swift; path = ScheduleCastomCell.swift; sourceTree = "<group>"; };
		E758AEAC2B0ED0D70041EECE /* UnregulatedEventViewController.swift */ = {isa = PBXFileReference; lastKnownFileType = sourcecode.swift; path = UnregulatedEventViewController.swift; sourceTree = "<group>"; };
		E758AEAF2B0ED1030041EECE /* StatisticViewController.swift */ = {isa = PBXFileReference; lastKnownFileType = sourcecode.swift; path = StatisticViewController.swift; sourceTree = "<group>"; };
		E758AEB42B0ED13F0041EECE /* TrackerCategory.swift */ = {isa = PBXFileReference; lastKnownFileType = sourcecode.swift; path = TrackerCategory.swift; sourceTree = "<group>"; };
		E758AEB62B0ED1530041EECE /* Tracker.swift */ = {isa = PBXFileReference; lastKnownFileType = sourcecode.swift; path = Tracker.swift; sourceTree = "<group>"; };
		E758AEB82B0ED1610041EECE /* TrackerRecord.swift */ = {isa = PBXFileReference; lastKnownFileType = sourcecode.swift; path = TrackerRecord.swift; sourceTree = "<group>"; };
		E7BF1D6F2B115007004FB63D /* DaysValueTransformer.swift */ = {isa = PBXFileReference; lastKnownFileType = sourcecode.swift; path = DaysValueTransformer.swift; sourceTree = "<group>"; };
		E7BF1D712B12A380004FB63D /* TrackerSupplementaryView.swift */ = {isa = PBXFileReference; lastKnownFileType = sourcecode.swift; path = TrackerSupplementaryView.swift; sourceTree = "<group>"; };
/* End PBXFileReference section */

/* Begin PBXFrameworksBuildPhase section */
		E758AE5C2B0EC4530041EECE /* Frameworks */ = {
			isa = PBXFrameworksBuildPhase;
			buildActionMask = 2147483647;
			files = (
			);
			runOnlyForDeploymentPostprocessing = 0;
		};
/* End PBXFrameworksBuildPhase section */

/* Begin PBXGroup section */
		E758AE562B0EC4530041EECE = {
			isa = PBXGroup;
			children = (
				E758AE612B0EC4530041EECE /* Tracker */,
				E758AE602B0EC4530041EECE /* Products */,
			);
			sourceTree = "<group>";
		};
		E758AE602B0EC4530041EECE /* Products */ = {
			isa = PBXGroup;
			children = (
				E758AE5F2B0EC4530041EECE /* Tracker.app */,
			);
			name = Products;
			sourceTree = "<group>";
		};
		E758AE612B0EC4530041EECE /* Tracker */ = {
			isa = PBXGroup;
			children = (
				E758AE622B0EC4530041EECE /* AppDelegate.swift */,
				E758AE642B0EC4530041EECE /* SceneDelegate.swift */,
				E758AEB32B0ED12A0041EECE /* Model */,
				E758AE822B0ECEC20041EECE /* Helpers */,
				E758AE852B0ECF300041EECE /* TabBarViewController */,
				E758AE862B0ECF400041EECE /* TrackerViewController */,
				E758AEAE2B0ED0EA0041EECE /* StatisticViewController */,
				E758AE6B2B0EC4540041EECE /* Assets.xcassets */,
				E758AE6D2B0EC4540041EECE /* LaunchScreen.storyboard */,
				E758AE702B0EC4540041EECE /* Info.plist */,
				E756E0B72B11199200EE47D8 /* Tracker.xcdatamodeld */,
				E7BF1D6F2B115007004FB63D /* DaysValueTransformer.swift */,
			);
			path = Tracker;
			sourceTree = "<group>";
		};
		E758AE822B0ECEC20041EECE /* Helpers */ = {
			isa = PBXGroup;
			children = (
				E758AE832B0ECED80041EECE /* UIcolor + UIFont.swift */,
			);
			path = Helpers;
			sourceTree = "<group>";
		};
		E758AE852B0ECF300041EECE /* TabBarViewController */ = {
			isa = PBXGroup;
			children = (
				E758AE802B0EC6F00041EECE /* TabBarViewController.swift */,
			);
			path = TabBarViewController;
			sourceTree = "<group>";
		};
		E758AE862B0ECF400041EECE /* TrackerViewController */ = {
			isa = PBXGroup;
			children = (
				E758AE872B0ECF4B0041EECE /* TrackerViewController.swift */,
				E758AE892B0ECF5C0041EECE /* TrackerCastomCell.swift */,
				E7BF1D712B12A380004FB63D /* TrackerSupplementaryView.swift */,
				E758AE8B2B0ECF6D0041EECE /* CreatingTracker */,
			);
			path = TrackerViewController;
			sourceTree = "<group>";
		};
		E758AE8B2B0ECF6D0041EECE /* CreatingTracker */ = {
			isa = PBXGroup;
			children = (
				E758AE8C2B0ECF840041EECE /* NewTrackerViewController */,
			);
			path = CreatingTracker;
			sourceTree = "<group>";
		};
		E758AE8C2B0ECF840041EECE /* NewTrackerViewController */ = {
			isa = PBXGroup;
			children = (
				E758AE8D2B0ECF8D0041EECE /* NewTrackerViewController.swift */,
				E758AE8F2B0ECF9B0041EECE /* NewHabitViewController */,
				E758AEAB2B0ED0CF0041EECE /* UnregulatedEventViewController */,
				E758AE922B0ECFB10041EECE /* CustomCells */,
				E758AE9B2B0ED0160041EECE /* CategoryViewController */,
				E758AEA62B0ED0900041EECE /* ScheduleViewController */,
			);
			path = NewTrackerViewController;
			sourceTree = "<group>";
		};
		E758AE8F2B0ECF9B0041EECE /* NewHabitViewController */ = {
			isa = PBXGroup;
			children = (
				E758AE902B0ECFA40041EECE /* NewHabitViewController.swift */,
			);
			path = NewHabitViewController;
			sourceTree = "<group>";
		};
		E758AE922B0ECFB10041EECE /* CustomCells */ = {
			isa = PBXGroup;
			children = (
				E758AE932B0ECFC40041EECE /* ButtonFirstCell.swift */,
				E758AE952B0ECFDA0041EECE /* ButtonSecondCell .swift */,
				E758AE972B0ECFEC0041EECE /* EmojiCustomCell.swift */,
				E758AE992B0ED0030041EECE /* ColorCustomCell.swift */,
			);
			path = CustomCells;
			sourceTree = "<group>";
		};
		E758AE9B2B0ED0160041EECE /* CategoryViewController */ = {
			isa = PBXGroup;
			children = (
				E758AE9C2B0ED03D0041EECE /* CategoryViewController.swift */,
				E758AE9E2B0ED04E0041EECE /* NewCategoryCustomCell.swift */,
				E758AEA02B0ED0610041EECE /* UserCategorys.swift */,
				E758AEA22B0ED06C0041EECE /* NewCategoryViewController.swift */,
				E758AEA42B0ED0790041EECE /* ClikerNewCategoryProtocol.swift */,
			);
			path = CategoryViewController;
			sourceTree = "<group>";
		};
		E758AEA62B0ED0900041EECE /* ScheduleViewController */ = {
			isa = PBXGroup;
			children = (
				E758AEA72B0ED09F0041EECE /* ScheduleViewController.swift */,
				E758AEA92B0ED0B30041EECE /* ScheduleCastomCell.swift */,
			);
			path = ScheduleViewController;
			sourceTree = "<group>";
		};
		E758AEAB2B0ED0CF0041EECE /* UnregulatedEventViewController */ = {
			isa = PBXGroup;
			children = (
				E758AEAC2B0ED0D70041EECE /* UnregulatedEventViewController.swift */,
			);
			path = UnregulatedEventViewController;
			sourceTree = "<group>";
		};
		E758AEAE2B0ED0EA0041EECE /* StatisticViewController */ = {
			isa = PBXGroup;
			children = (
				E758AEAF2B0ED1030041EECE /* StatisticViewController.swift */,
			);
			path = StatisticViewController;
			sourceTree = "<group>";
		};
		E758AEB32B0ED12A0041EECE /* Model */ = {
			isa = PBXGroup;
			children = (
				E758AEB42B0ED13F0041EECE /* TrackerCategory.swift */,
				E758AEB62B0ED1530041EECE /* Tracker.swift */,
				E758AEB82B0ED1610041EECE /* TrackerRecord.swift */,
			);
			path = Model;
			sourceTree = "<group>";
		};
/* End PBXGroup section */

/* Begin PBXNativeTarget section */
		E758AE5E2B0EC4530041EECE /* Tracker */ = {
			isa = PBXNativeTarget;
			buildConfigurationList = E758AE732B0EC4540041EECE /* Build configuration list for PBXNativeTarget "Tracker" */;
			buildPhases = (
				E758AE5B2B0EC4530041EECE /* Sources */,
				E758AE5C2B0EC4530041EECE /* Frameworks */,
				E758AE5D2B0EC4530041EECE /* Resources */,
			);
			buildRules = (
			);
			dependencies = (
			);
			name = Tracker;
			productName = Tracker;
			productReference = E758AE5F2B0EC4530041EECE /* Tracker.app */;
			productType = "com.apple.product-type.application";
		};
/* End PBXNativeTarget section */

/* Begin PBXProject section */
		E758AE572B0EC4530041EECE /* Project object */ = {
			isa = PBXProject;
			attributes = {
				BuildIndependentTargetsInParallel = 1;
				LastSwiftUpdateCheck = 1500;
				LastUpgradeCheck = 1500;
				TargetAttributes = {
					E758AE5E2B0EC4530041EECE = {
						CreatedOnToolsVersion = 15.0.1;
					};
				};
			};
			buildConfigurationList = E758AE5A2B0EC4530041EECE /* Build configuration list for PBXProject "Tracker" */;
			compatibilityVersion = "Xcode 14.0";
			developmentRegion = en;
			hasScannedForEncodings = 0;
			knownRegions = (
				en,
				Base,
			);
			mainGroup = E758AE562B0EC4530041EECE;
			productRefGroup = E758AE602B0EC4530041EECE /* Products */;
			projectDirPath = "";
			projectRoot = "";
			targets = (
				E758AE5E2B0EC4530041EECE /* Tracker */,
			);
		};
/* End PBXProject section */

/* Begin PBXResourcesBuildPhase section */
		E758AE5D2B0EC4530041EECE /* Resources */ = {
			isa = PBXResourcesBuildPhase;
			buildActionMask = 2147483647;
			files = (
				E758AE6F2B0EC4540041EECE /* LaunchScreen.storyboard in Resources */,
				E758AE6C2B0EC4540041EECE /* Assets.xcassets in Resources */,
			);
			runOnlyForDeploymentPostprocessing = 0;
		};
/* End PBXResourcesBuildPhase section */

/* Begin PBXSourcesBuildPhase section */
		E758AE5B2B0EC4530041EECE /* Sources */ = {
			isa = PBXSourcesBuildPhase;
			buildActionMask = 2147483647;
			files = (
				E758AEAA2B0ED0B30041EECE /* ScheduleCastomCell.swift in Sources */,
				E758AE912B0ECFA40041EECE /* NewHabitViewController.swift in Sources */,
				E758AEA32B0ED06C0041EECE /* NewCategoryViewController.swift in Sources */,
				E758AE882B0ECF4B0041EECE /* TrackerViewController.swift in Sources */,
				E758AEA82B0ED09F0041EECE /* ScheduleViewController.swift in Sources */,
				E758AE982B0ECFEC0041EECE /* EmojiCustomCell.swift in Sources */,
				E758AE632B0EC4530041EECE /* AppDelegate.swift in Sources */,
				E758AE8E2B0ECF8D0041EECE /* NewTrackerViewController.swift in Sources */,
				E758AE812B0EC6F00041EECE /* TabBarViewController.swift in Sources */,
				E758AEB52B0ED13F0041EECE /* TrackerCategory.swift in Sources */,
				E758AEA12B0ED0610041EECE /* UserCategorys.swift in Sources */,
				E758AE9A2B0ED0030041EECE /* ColorCustomCell.swift in Sources */,
				E758AE842B0ECED80041EECE /* UIcolor + UIFont.swift in Sources */,
				E758AEB72B0ED1530041EECE /* Tracker.swift in Sources */,
				E758AE962B0ECFDA0041EECE /* ButtonSecondCell .swift in Sources */,
				E758AE652B0EC4530041EECE /* SceneDelegate.swift in Sources */,
				E758AE9D2B0ED03D0041EECE /* CategoryViewController.swift in Sources */,
				E758AEB92B0ED1610041EECE /* TrackerRecord.swift in Sources */,
				E7BF1D722B12A380004FB63D /* TrackerSupplementaryView.swift in Sources */,
				E758AEB02B0ED1030041EECE /* StatisticViewController.swift in Sources */,
				E758AEA52B0ED0790041EECE /* ClikerNewCategoryProtocol.swift in Sources */,
				E758AEAD2B0ED0D70041EECE /* UnregulatedEventViewController.swift in Sources */,
				E758AE9F2B0ED04E0041EECE /* NewCategoryCustomCell.swift in Sources */,
				E758AE8A2B0ECF5C0041EECE /* TrackerCastomCell.swift in Sources */,
				E758AE942B0ECFC40041EECE /* ButtonFirstCell.swift in Sources */,
				E7BF1D702B115007004FB63D /* DaysValueTransformer.swift in Sources */,
				E756E0B92B11199200EE47D8 /* Tracker.xcdatamodeld in Sources */,
			);
			runOnlyForDeploymentPostprocessing = 0;
		};
/* End PBXSourcesBuildPhase section */

/* Begin PBXVariantGroup section */
		E758AE6D2B0EC4540041EECE /* LaunchScreen.storyboard */ = {
			isa = PBXVariantGroup;
			children = (
				E758AE6E2B0EC4540041EECE /* Base */,
			);
			name = LaunchScreen.storyboard;
			sourceTree = "<group>";
		};
/* End PBXVariantGroup section */

/* Begin XCBuildConfiguration section */
		E758AE712B0EC4540041EECE /* Debug */ = {
			isa = XCBuildConfiguration;
			buildSettings = {
				ALWAYS_SEARCH_USER_PATHS = NO;
				ASSETCATALOG_COMPILER_GENERATE_SWIFT_ASSET_SYMBOL_EXTENSIONS = YES;
				CLANG_ANALYZER_NONNULL = YES;
				CLANG_ANALYZER_NUMBER_OBJECT_CONVERSION = YES_AGGRESSIVE;
				CLANG_CXX_LANGUAGE_STANDARD = "gnu++20";
				CLANG_ENABLE_MODULES = YES;
				CLANG_ENABLE_OBJC_ARC = YES;
				CLANG_ENABLE_OBJC_WEAK = YES;
				CLANG_WARN_BLOCK_CAPTURE_AUTORELEASING = YES;
				CLANG_WARN_BOOL_CONVERSION = YES;
				CLANG_WARN_COMMA = YES;
				CLANG_WARN_CONSTANT_CONVERSION = YES;
				CLANG_WARN_DEPRECATED_OBJC_IMPLEMENTATIONS = YES;
				CLANG_WARN_DIRECT_OBJC_ISA_USAGE = YES_ERROR;
				CLANG_WARN_DOCUMENTATION_COMMENTS = YES;
				CLANG_WARN_EMPTY_BODY = YES;
				CLANG_WARN_ENUM_CONVERSION = YES;
				CLANG_WARN_INFINITE_RECURSION = YES;
				CLANG_WARN_INT_CONVERSION = YES;
				CLANG_WARN_NON_LITERAL_NULL_CONVERSION = YES;
				CLANG_WARN_OBJC_IMPLICIT_RETAIN_SELF = YES;
				CLANG_WARN_OBJC_LITERAL_CONVERSION = YES;
				CLANG_WARN_OBJC_ROOT_CLASS = YES_ERROR;
				CLANG_WARN_QUOTED_INCLUDE_IN_FRAMEWORK_HEADER = YES;
				CLANG_WARN_RANGE_LOOP_ANALYSIS = YES;
				CLANG_WARN_STRICT_PROTOTYPES = YES;
				CLANG_WARN_SUSPICIOUS_MOVE = YES;
				CLANG_WARN_UNGUARDED_AVAILABILITY = YES_AGGRESSIVE;
				CLANG_WARN_UNREACHABLE_CODE = YES;
				CLANG_WARN__DUPLICATE_METHOD_MATCH = YES;
				COPY_PHASE_STRIP = NO;
				DEBUG_INFORMATION_FORMAT = dwarf;
				ENABLE_STRICT_OBJC_MSGSEND = YES;
				ENABLE_TESTABILITY = YES;
				ENABLE_USER_SCRIPT_SANDBOXING = YES;
				GCC_C_LANGUAGE_STANDARD = gnu17;
				GCC_DYNAMIC_NO_PIC = NO;
				GCC_NO_COMMON_BLOCKS = YES;
				GCC_OPTIMIZATION_LEVEL = 0;
				GCC_PREPROCESSOR_DEFINITIONS = (
					"DEBUG=1",
					"$(inherited)",
				);
				GCC_WARN_64_TO_32_BIT_CONVERSION = YES;
				GCC_WARN_ABOUT_RETURN_TYPE = YES_ERROR;
				GCC_WARN_UNDECLARED_SELECTOR = YES;
				GCC_WARN_UNINITIALIZED_AUTOS = YES_AGGRESSIVE;
				GCC_WARN_UNUSED_FUNCTION = YES;
				GCC_WARN_UNUSED_VARIABLE = YES;
				IPHONEOS_DEPLOYMENT_TARGET = 16.4;
				LOCALIZATION_PREFERS_STRING_CATALOGS = YES;
				MTL_ENABLE_DEBUG_INFO = INCLUDE_SOURCE;
				MTL_FAST_MATH = YES;
				ONLY_ACTIVE_ARCH = YES;
				SDKROOT = iphoneos;
				SWIFT_ACTIVE_COMPILATION_CONDITIONS = "DEBUG $(inherited)";
				SWIFT_OPTIMIZATION_LEVEL = "-Onone";
			};
			name = Debug;
		};
		E758AE722B0EC4540041EECE /* Release */ = {
			isa = XCBuildConfiguration;
			buildSettings = {
				ALWAYS_SEARCH_USER_PATHS = NO;
				ASSETCATALOG_COMPILER_GENERATE_SWIFT_ASSET_SYMBOL_EXTENSIONS = YES;
				CLANG_ANALYZER_NONNULL = YES;
				CLANG_ANALYZER_NUMBER_OBJECT_CONVERSION = YES_AGGRESSIVE;
				CLANG_CXX_LANGUAGE_STANDARD = "gnu++20";
				CLANG_ENABLE_MODULES = YES;
				CLANG_ENABLE_OBJC_ARC = YES;
				CLANG_ENABLE_OBJC_WEAK = YES;
				CLANG_WARN_BLOCK_CAPTURE_AUTORELEASING = YES;
				CLANG_WARN_BOOL_CONVERSION = YES;
				CLANG_WARN_COMMA = YES;
				CLANG_WARN_CONSTANT_CONVERSION = YES;
				CLANG_WARN_DEPRECATED_OBJC_IMPLEMENTATIONS = YES;
				CLANG_WARN_DIRECT_OBJC_ISA_USAGE = YES_ERROR;
				CLANG_WARN_DOCUMENTATION_COMMENTS = YES;
				CLANG_WARN_EMPTY_BODY = YES;
				CLANG_WARN_ENUM_CONVERSION = YES;
				CLANG_WARN_INFINITE_RECURSION = YES;
				CLANG_WARN_INT_CONVERSION = YES;
				CLANG_WARN_NON_LITERAL_NULL_CONVERSION = YES;
				CLANG_WARN_OBJC_IMPLICIT_RETAIN_SELF = YES;
				CLANG_WARN_OBJC_LITERAL_CONVERSION = YES;
				CLANG_WARN_OBJC_ROOT_CLASS = YES_ERROR;
				CLANG_WARN_QUOTED_INCLUDE_IN_FRAMEWORK_HEADER = YES;
				CLANG_WARN_RANGE_LOOP_ANALYSIS = YES;
				CLANG_WARN_STRICT_PROTOTYPES = YES;
				CLANG_WARN_SUSPICIOUS_MOVE = YES;
				CLANG_WARN_UNGUARDED_AVAILABILITY = YES_AGGRESSIVE;
				CLANG_WARN_UNREACHABLE_CODE = YES;
				CLANG_WARN__DUPLICATE_METHOD_MATCH = YES;
				COPY_PHASE_STRIP = NO;
				DEBUG_INFORMATION_FORMAT = "dwarf-with-dsym";
				ENABLE_NS_ASSERTIONS = NO;
				ENABLE_STRICT_OBJC_MSGSEND = YES;
				ENABLE_USER_SCRIPT_SANDBOXING = YES;
				GCC_C_LANGUAGE_STANDARD = gnu17;
				GCC_NO_COMMON_BLOCKS = YES;
				GCC_WARN_64_TO_32_BIT_CONVERSION = YES;
				GCC_WARN_ABOUT_RETURN_TYPE = YES_ERROR;
				GCC_WARN_UNDECLARED_SELECTOR = YES;
				GCC_WARN_UNINITIALIZED_AUTOS = YES_AGGRESSIVE;
				GCC_WARN_UNUSED_FUNCTION = YES;
				GCC_WARN_UNUSED_VARIABLE = YES;
				IPHONEOS_DEPLOYMENT_TARGET = 16.4;
				LOCALIZATION_PREFERS_STRING_CATALOGS = YES;
				MTL_ENABLE_DEBUG_INFO = NO;
				MTL_FAST_MATH = YES;
				SDKROOT = iphoneos;
				SWIFT_COMPILATION_MODE = wholemodule;
				VALIDATE_PRODUCT = YES;
			};
			name = Release;
		};
		E758AE742B0EC4540041EECE /* Debug */ = {
			isa = XCBuildConfiguration;
			buildSettings = {
				ASSETCATALOG_COMPILER_APPICON_NAME = AppIcon;
				ASSETCATALOG_COMPILER_GLOBAL_ACCENT_COLOR_NAME = AccentColor;
				CODE_SIGN_STYLE = Automatic;
				CURRENT_PROJECT_VERSION = 1;
				DEVELOPMENT_TEAM = 9WC35YWH6U;
				GENERATE_INFOPLIST_FILE = YES;
				INFOPLIST_FILE = Tracker/Info.plist;
				INFOPLIST_KEY_UIApplicationSupportsIndirectInputEvents = YES;
				INFOPLIST_KEY_UILaunchStoryboardName = LaunchScreen;
				INFOPLIST_KEY_UISupportedInterfaceOrientations = UIInterfaceOrientationPortrait;
				INFOPLIST_KEY_UISupportedInterfaceOrientations_iPad = "UIInterfaceOrientationLandscapeLeft UIInterfaceOrientationLandscapeRight UIInterfaceOrientationPortrait UIInterfaceOrientationPortraitUpsideDown";
				IPHONEOS_DEPLOYMENT_TARGET = 13.4;
				LD_RUNPATH_SEARCH_PATHS = (
					"$(inherited)",
					"@executable_path/Frameworks",
				);
				MARKETING_VERSION = 1.0;
				PRODUCT_BUNDLE_IDENTIFIER = onePoint.Tracker;
				PRODUCT_NAME = "$(TARGET_NAME)";
				SUPPORTED_PLATFORMS = "iphoneos iphonesimulator";
				SUPPORTS_MACCATALYST = NO;
				SUPPORTS_MAC_DESIGNED_FOR_IPHONE_IPAD = NO;
				SWIFT_EMIT_LOC_STRINGS = YES;
				SWIFT_VERSION = 5.0;
				TARGETED_DEVICE_FAMILY = 1;
			};
			name = Debug;
		};
		E758AE752B0EC4540041EECE /* Release */ = {
			isa = XCBuildConfiguration;
			buildSettings = {
				ASSETCATALOG_COMPILER_APPICON_NAME = AppIcon;
				ASSETCATALOG_COMPILER_GLOBAL_ACCENT_COLOR_NAME = AccentColor;
				CODE_SIGN_STYLE = Automatic;
				CURRENT_PROJECT_VERSION = 1;
				DEVELOPMENT_TEAM = 9WC35YWH6U;
				GENERATE_INFOPLIST_FILE = YES;
				INFOPLIST_FILE = Tracker/Info.plist;
				INFOPLIST_KEY_UIApplicationSupportsIndirectInputEvents = YES;
				INFOPLIST_KEY_UILaunchStoryboardName = LaunchScreen;
				INFOPLIST_KEY_UISupportedInterfaceOrientations = UIInterfaceOrientationPortrait;
				INFOPLIST_KEY_UISupportedInterfaceOrientations_iPad = "UIInterfaceOrientationLandscapeLeft UIInterfaceOrientationLandscapeRight UIInterfaceOrientationPortrait UIInterfaceOrientationPortraitUpsideDown";
				IPHONEOS_DEPLOYMENT_TARGET = 13.4;
				LD_RUNPATH_SEARCH_PATHS = (
					"$(inherited)",
					"@executable_path/Frameworks",
				);
				MARKETING_VERSION = 1.0;
				PRODUCT_BUNDLE_IDENTIFIER = onePoint.Tracker;
				PRODUCT_NAME = "$(TARGET_NAME)";
				SUPPORTED_PLATFORMS = "iphoneos iphonesimulator";
				SUPPORTS_MACCATALYST = NO;
				SUPPORTS_MAC_DESIGNED_FOR_IPHONE_IPAD = NO;
				SWIFT_EMIT_LOC_STRINGS = YES;
				SWIFT_VERSION = 5.0;
				TARGETED_DEVICE_FAMILY = 1;
			};
			name = Release;
		};
/* End XCBuildConfiguration section */

/* Begin XCConfigurationList section */
		E758AE5A2B0EC4530041EECE /* Build configuration list for PBXProject "Tracker" */ = {
			isa = XCConfigurationList;
			buildConfigurations = (
				E758AE712B0EC4540041EECE /* Debug */,
				E758AE722B0EC4540041EECE /* Release */,
			);
			defaultConfigurationIsVisible = 0;
			defaultConfigurationName = Release;
		};
		E758AE732B0EC4540041EECE /* Build configuration list for PBXNativeTarget "Tracker" */ = {
			isa = XCConfigurationList;
			buildConfigurations = (
				E758AE742B0EC4540041EECE /* Debug */,
				E758AE752B0EC4540041EECE /* Release */,
			);
			defaultConfigurationIsVisible = 0;
			defaultConfigurationName = Release;
		};
/* End XCConfigurationList section */

/* Begin XCVersionGroup section */
		E756E0B72B11199200EE47D8 /* Tracker.xcdatamodeld */ = {
			isa = XCVersionGroup;
			children = (
				E756E0B82B11199200EE47D8 /* Tracker.xcdatamodel */,
			);
			currentVersion = E756E0B82B11199200EE47D8 /* Tracker.xcdatamodel */;
			path = Tracker.xcdatamodeld;
			sourceTree = "<group>";
			versionGroupType = wrapper.xcdatamodel;
		};
/* End XCVersionGroup section */
	};
	rootObject = E758AE572B0EC4530041EECE /* Project object */;
}
